
Microsoft Visual Studio Solution File, Format Version 12.00
# Visual Studio Version 17
VisualStudioVersion = 17.14.36408.4
MinimumVisualStudioVersion = 10.0.40219.1
Project("{2150E333-8FDC-42A3-9474-1A3956D46DE8}") = "Services", "Services", "{02EA681E-C7D8-13C7-8484-4AC65E1B71E8}"
EndProject
Project("{2150E333-8FDC-42A3-9474-1A3956D46DE8}") = "Catalog", "Catalog", "{8610B37E-C04C-4855-B4CE-188F9279317B}"
EndProject
Project("{FAE04EC0-301F-11D3-BF4B-00C04F79EFBC}") = "Catalog.API", "Services\Catalog\Catalog.API\Catalog.API.csproj", "{6F4903C7-E0E5-4635-976D-BB975B0141A7}"
EndProject
Project("{2150E333-8FDC-42A3-9474-1A3956D46DE8}") = "BuildingBlocks", "BuildingBlocks", "{318D56A1-79B7-4CFD-AD9C-60571ED38522}"
EndProject
Project("{FAE04EC0-301F-11D3-BF4B-00C04F79EFBC}") = "BuildingBlocks", "BuildingBlocks\BuildingBlocks\BuildingBlocks.csproj", "{A34070D5-54AB-425B-813E-A38AB84C06D5}"
EndProject
Project("{E53339B2-1760-4266-BCC7-CA923CBCF16C}") = "docker-compose", "docker-compose.dcproj", "{81DDED9D-158B-E303-5F62-77A2896D2A5A}"
EndProject
Global
	GlobalSection(SolutionConfigurationPlatforms) = preSolution
		Debug|Any CPU = Debug|Any CPU
		Release|Any CPU = Release|Any CPU
	EndGlobalSection
	GlobalSection(ProjectConfigurationPlatforms) = postSolution
		{6F4903C7-E0E5-4635-976D-BB975B0141A7}.Debug|Any CPU.ActiveCfg = Debug|Any CPU
		{6F4903C7-E0E5-4635-976D-BB975B0141A7}.Debug|Any CPU.Build.0 = Debug|Any CPU
		{6F4903C7-E0E5-4635-976D-BB975B0141A7}.Release|Any CPU.ActiveCfg = Release|Any CPU
		{6F4903C7-E0E5-4635-976D-BB975B0141A7}.Release|Any CPU.Build.0 = Release|Any CPU
		{A34070D5-54AB-425B-813E-A38AB84C06D5}.Debug|Any CPU.ActiveCfg = Debug|Any CPU
		{A34070D5-54AB-425B-813E-A38AB84C06D5}.Debug|Any CPU.Build.0 = Debug|Any CPU
		{A34070D5-54AB-425B-813E-A38AB84C06D5}.Release|Any CPU.ActiveCfg = Release|Any CPU
		{A34070D5-54AB-425B-813E-A38AB84C06D5}.Release|Any CPU.Build.0 = Release|Any CPU
		{81DDED9D-158B-E303-5F62-77A2896D2A5A}.Debug|Any CPU.ActiveCfg = Debug|Any CPU
		{81DDED9D-158B-E303-5F62-77A2896D2A5A}.Debug|Any CPU.Build.0 = Debug|Any CPU
		{81DDED9D-158B-E303-5F62-77A2896D2A5A}.Release|Any CPU.ActiveCfg = Release|Any CPU
		{81DDED9D-158B-E303-5F62-77A2896D2A5A}.Release|Any CPU.Build.0 = Release|Any CPU
	EndGlobalSection
	GlobalSection(SolutionProperties) = preSolution
		HideSolutionNode = FALSE
	EndGlobalSection
	GlobalSection(NestedProjects) = preSolution
		{8610B37E-C04C-4855-B4CE-188F9279317B} = {02EA681E-C7D8-13C7-8484-4AC65E1B71E8}
		{6F4903C7-E0E5-4635-976D-BB975B0141A7} = {8610B37E-C04C-4855-B4CE-188F9279317B}
		{A34070D5-54AB-425B-813E-A38AB84C06D5} = {318D56A1-79B7-4CFD-AD9C-60571ED38522}
	EndGlobalSection
	GlobalSection(ExtensibilityGlobals) = postSolution
		SolutionGuid = {CB8B800A-62F5-44EB-B56D-A59FD634C7B9}
	EndGlobalSection
EndGlobal
